{
  "object": {
    "pins": [
      {
        "package": "PromiseKit",
        "repositoryURL": "https://github.com/mxcl/PromiseKit",
        "state": {
          "branch": null,
          "revision": "62c61dd712da2f29a339cc2b46bb28a6a90086c6",
          "version": "6.2.2"
        }
      },
      {
        "package": "Valet",
        "repositoryURL": "https://github.com/LinusU/Valet",
        "state": {
          "branch": "swiftpm",
          "revision": "1cf7da0f3a1838d4d377d5a2393fda22d382ab63",
          "version": null
        }
      }
    ]
  },
  "version": 1
}
